
Microsoft Visual Studio Solution File, Format Version 12.00
# Visual Studio 15
VisualStudioVersion = 15.0.27004.2002
MinimumVisualStudioVersion = 10.0.40219.1
Project("{FAE04EC0-301F-11D3-BF4B-00C04F79EFBC}") = "Lab1", "Lab1\Lab1.csproj", "{C9F8D19B-F2EF-4BC0-B671-BEE6F3A92AA0}"
EndProject
Project("{FAE04EC0-301F-11D3-BF4B-00C04F79EFBC}") = "Lab1.Tests", "Lab1.Tests\Lab1.Tests.csproj", "{300BBA31-1474-4F91-AD42-B2D28E5979CE}"
EndProject
Project("{FAE04EC0-301F-11D3-BF4B-00C04F79EFBC}") = "Lab2.BL", "Lab2.BL\Lab2.BL.csproj", "{D03578A7-C79A-4833-B7A5-C4277377967A}"
EndProject
Project("{FAE04EC0-301F-11D3-BF4B-00C04F79EFBC}") = "Lab2", "Lab2\Lab2.csproj", "{5BE00552-57EE-453F-BC85-88AE42F23C51}"
EndProject
Project("{FAE04EC0-301F-11D3-BF4B-00C04F79EFBC}") = "Lab3", "Lab3\Lab3.csproj", "{62466F7A-8931-4E43-879E-767B6BEF815B}"
EndProject
Project("{FAE04EC0-301F-11D3-BF4B-00C04F79EFBC}") = "Lab4", "Lab4\Lab4.csproj", "{34E43AAC-2C62-48C1-B02E-0214473587E5}"
EndProject
Project("{FAE04EC0-301F-11D3-BF4B-00C04F79EFBC}") = "Lab4.BL", "Lab4.BL\Lab4.BL.csproj", "{05F0E115-94ED-4C52-B61A-EE02E2916D5D}"
EndProject
Project("{FAE04EC0-301F-11D3-BF4B-00C04F79EFBC}") = "Lab4.Tests", "Lab4.Tests\Lab4.Tests.csproj", "{875E7BCC-951A-4E72-848B-3787D240D380}"
EndProject
Project("{FAE04EC0-301F-11D3-BF4B-00C04F79EFBC}") = "Lab5", "Lab5\Lab5.csproj", "{81D0D650-01D5-4DCD-923E-64B62E5874C7}"
EndProject
Project("{FAE04EC0-301F-11D3-BF4B-00C04F79EFBC}") = "Lab5.BL", "Lab5.BL\Lab5.BL.csproj", "{703B9F43-04AC-473C-8391-0E16B5B75485}"
EndProject
Project("{FAE04EC0-301F-11D3-BF4B-00C04F79EFBC}") = "Lab6.DAL", "Lab6.DAL\Lab6.DAL.csproj", "{E3A140E5-A8CA-457A-A307-50BFF0CFB896}"
EndProject
Project("{FAE04EC0-301F-11D3-BF4B-00C04F79EFBC}") = "Lab6.BL", "Lab6.BL\Lab6.BL.csproj", "{72441A6F-E65E-4F30-960B-7EC02ECA8A33}"
EndProject
Project("{FAE04EC0-301F-11D3-BF4B-00C04F79EFBC}") = "Lab6", "Lab6\Lab6.csproj", "{23C2BB21-3967-4A2F-B41D-4E4E8D3CEF1D}"
EndProject
Project("{FAE04EC0-301F-11D3-BF4B-00C04F79EFBC}") = "Lab6.Domain", "Lab6.Domain\Lab6.Domain.csproj", "{06FD2E88-74CF-4346-AF86-5FD9F7558F2A}"
EndProject
Project("{FAE04EC0-301F-11D3-BF4B-00C04F79EFBC}") = "Lab6.Utils", "Lab6.Utils\Lab6.Utils.csproj", "{BBE5E693-A6A3-48B3-92E6-8C11E2B7ECD5}"
EndProject
Project("{2150E333-8FDC-42A3-9474-1A3956D46DE8}") = "Lab6", "Lab6", "{C867A7D7-963F-4BB2-A605-FA3130527020}"
EndProject
Project("{2150E333-8FDC-42A3-9474-1A3956D46DE8}") = "Lab1", "Lab1", "{505A746D-08DE-41E6-AF45-FB9B4C16493A}"
EndProject
Project("{2150E333-8FDC-42A3-9474-1A3956D46DE8}") = "Lab2", "Lab2", "{D8FF2A02-C0E7-48C6-9B22-1D213E934B6D}"
EndProject
Project("{2150E333-8FDC-42A3-9474-1A3956D46DE8}") = "Lab3", "Lab3", "{AFC3F74B-6CED-47D3-BA0F-5BE1DB936B5E}"
EndProject
Project("{2150E333-8FDC-42A3-9474-1A3956D46DE8}") = "Lab4", "Lab4", "{6D4A6E14-BE92-41BB-AAF0-B7E43430AA5A}"
EndProject
Project("{2150E333-8FDC-42A3-9474-1A3956D46DE8}") = "Lab5", "Lab5", "{B0476A27-B38D-4C40-9226-96D960766497}"
EndProject
Global
	GlobalSection(SolutionConfigurationPlatforms) = preSolution
		Debug|Any CPU = Debug|Any CPU
		Release|Any CPU = Release|Any CPU
	EndGlobalSection
	GlobalSection(ProjectConfigurationPlatforms) = postSolution
		{C9F8D19B-F2EF-4BC0-B671-BEE6F3A92AA0}.Debug|Any CPU.ActiveCfg = Debug|Any CPU
		{C9F8D19B-F2EF-4BC0-B671-BEE6F3A92AA0}.Debug|Any CPU.Build.0 = Debug|Any CPU
		{C9F8D19B-F2EF-4BC0-B671-BEE6F3A92AA0}.Release|Any CPU.ActiveCfg = Release|Any CPU
		{C9F8D19B-F2EF-4BC0-B671-BEE6F3A92AA0}.Release|Any CPU.Build.0 = Release|Any CPU
		{300BBA31-1474-4F91-AD42-B2D28E5979CE}.Debug|Any CPU.ActiveCfg = Debug|Any CPU
		{300BBA31-1474-4F91-AD42-B2D28E5979CE}.Debug|Any CPU.Build.0 = Debug|Any CPU
		{300BBA31-1474-4F91-AD42-B2D28E5979CE}.Release|Any CPU.ActiveCfg = Release|Any CPU
		{300BBA31-1474-4F91-AD42-B2D28E5979CE}.Release|Any CPU.Build.0 = Release|Any CPU
		{D03578A7-C79A-4833-B7A5-C4277377967A}.Debug|Any CPU.ActiveCfg = Debug|Any CPU
		{D03578A7-C79A-4833-B7A5-C4277377967A}.Debug|Any CPU.Build.0 = Debug|Any CPU
		{D03578A7-C79A-4833-B7A5-C4277377967A}.Release|Any CPU.ActiveCfg = Release|Any CPU
		{D03578A7-C79A-4833-B7A5-C4277377967A}.Release|Any CPU.Build.0 = Release|Any CPU
		{5BE00552-57EE-453F-BC85-88AE42F23C51}.Debug|Any CPU.ActiveCfg = Debug|Any CPU
		{5BE00552-57EE-453F-BC85-88AE42F23C51}.Debug|Any CPU.Build.0 = Debug|Any CPU
		{5BE00552-57EE-453F-BC85-88AE42F23C51}.Release|Any CPU.ActiveCfg = Release|Any CPU
		{5BE00552-57EE-453F-BC85-88AE42F23C51}.Release|Any CPU.Build.0 = Release|Any CPU
		{62466F7A-8931-4E43-879E-767B6BEF815B}.Debug|Any CPU.ActiveCfg = Debug|Any CPU
		{62466F7A-8931-4E43-879E-767B6BEF815B}.Debug|Any CPU.Build.0 = Debug|Any CPU
		{62466F7A-8931-4E43-879E-767B6BEF815B}.Release|Any CPU.ActiveCfg = Release|Any CPU
		{62466F7A-8931-4E43-879E-767B6BEF815B}.Release|Any CPU.Build.0 = Release|Any CPU
		{34E43AAC-2C62-48C1-B02E-0214473587E5}.Debug|Any CPU.ActiveCfg = Debug|Any CPU
		{34E43AAC-2C62-48C1-B02E-0214473587E5}.Debug|Any CPU.Build.0 = Debug|Any CPU
		{34E43AAC-2C62-48C1-B02E-0214473587E5}.Release|Any CPU.ActiveCfg = Release|Any CPU
		{34E43AAC-2C62-48C1-B02E-0214473587E5}.Release|Any CPU.Build.0 = Release|Any CPU
		{05F0E115-94ED-4C52-B61A-EE02E2916D5D}.Debug|Any CPU.ActiveCfg = Debug|Any CPU
		{05F0E115-94ED-4C52-B61A-EE02E2916D5D}.Debug|Any CPU.Build.0 = Debug|Any CPU
		{05F0E115-94ED-4C52-B61A-EE02E2916D5D}.Release|Any CPU.ActiveCfg = Release|Any CPU
		{05F0E115-94ED-4C52-B61A-EE02E2916D5D}.Release|Any CPU.Build.0 = Release|Any CPU
		{875E7BCC-951A-4E72-848B-3787D240D380}.Debug|Any CPU.ActiveCfg = Debug|Any CPU
		{875E7BCC-951A-4E72-848B-3787D240D380}.Debug|Any CPU.Build.0 = Debug|Any CPU
		{875E7BCC-951A-4E72-848B-3787D240D380}.Release|Any CPU.ActiveCfg = Release|Any CPU
		{875E7BCC-951A-4E72-848B-3787D240D380}.Release|Any CPU.Build.0 = Release|Any CPU
		{81D0D650-01D5-4DCD-923E-64B62E5874C7}.Debug|Any CPU.ActiveCfg = Debug|Any CPU
		{81D0D650-01D5-4DCD-923E-64B62E5874C7}.Debug|Any CPU.Build.0 = Debug|Any CPU
		{81D0D650-01D5-4DCD-923E-64B62E5874C7}.Release|Any CPU.ActiveCfg = Release|Any CPU
		{81D0D650-01D5-4DCD-923E-64B62E5874C7}.Release|Any CPU.Build.0 = Release|Any CPU
		{703B9F43-04AC-473C-8391-0E16B5B75485}.Debug|Any CPU.ActiveCfg = Debug|Any CPU
		{703B9F43-04AC-473C-8391-0E16B5B75485}.Debug|Any CPU.Build.0 = Debug|Any CPU
		{703B9F43-04AC-473C-8391-0E16B5B75485}.Release|Any CPU.ActiveCfg = Release|Any CPU
		{703B9F43-04AC-473C-8391-0E16B5B75485}.Release|Any CPU.Build.0 = Release|Any CPU
		{E3A140E5-A8CA-457A-A307-50BFF0CFB896}.Debug|Any CPU.ActiveCfg = Debug|Any CPU
		{E3A140E5-A8CA-457A-A307-50BFF0CFB896}.Debug|Any CPU.Build.0 = Debug|Any CPU
		{E3A140E5-A8CA-457A-A307-50BFF0CFB896}.Release|Any CPU.ActiveCfg = Release|Any CPU
		{E3A140E5-A8CA-457A-A307-50BFF0CFB896}.Release|Any CPU.Build.0 = Release|Any CPU
		{72441A6F-E65E-4F30-960B-7EC02ECA8A33}.Debug|Any CPU.ActiveCfg = Debug|Any CPU
		{72441A6F-E65E-4F30-960B-7EC02ECA8A33}.Debug|Any CPU.Build.0 = Debug|Any CPU
		{72441A6F-E65E-4F30-960B-7EC02ECA8A33}.Release|Any CPU.ActiveCfg = Release|Any CPU
		{72441A6F-E65E-4F30-960B-7EC02ECA8A33}.Release|Any CPU.Build.0 = Release|Any CPU
		{23C2BB21-3967-4A2F-B41D-4E4E8D3CEF1D}.Debug|Any CPU.ActiveCfg = Debug|Any CPU
		{23C2BB21-3967-4A2F-B41D-4E4E8D3CEF1D}.Debug|Any CPU.Build.0 = Debug|Any CPU
		{23C2BB21-3967-4A2F-B41D-4E4E8D3CEF1D}.Release|Any CPU.ActiveCfg = Release|Any CPU
		{23C2BB21-3967-4A2F-B41D-4E4E8D3CEF1D}.Release|Any CPU.Build.0 = Release|Any CPU
		{06FD2E88-74CF-4346-AF86-5FD9F7558F2A}.Debug|Any CPU.ActiveCfg = Debug|Any CPU
		{06FD2E88-74CF-4346-AF86-5FD9F7558F2A}.Debug|Any CPU.Build.0 = Debug|Any CPU
		{06FD2E88-74CF-4346-AF86-5FD9F7558F2A}.Release|Any CPU.ActiveCfg = Release|Any CPU
		{06FD2E88-74CF-4346-AF86-5FD9F7558F2A}.Release|Any CPU.Build.0 = Release|Any CPU
		{BBE5E693-A6A3-48B3-92E6-8C11E2B7ECD5}.Debug|Any CPU.ActiveCfg = Debug|Any CPU
		{BBE5E693-A6A3-48B3-92E6-8C11E2B7ECD5}.Debug|Any CPU.Build.0 = Debug|Any CPU
		{BBE5E693-A6A3-48B3-92E6-8C11E2B7ECD5}.Release|Any CPU.ActiveCfg = Release|Any CPU
		{BBE5E693-A6A3-48B3-92E6-8C11E2B7ECD5}.Release|Any CPU.Build.0 = Release|Any CPU
	EndGlobalSection
	GlobalSection(SolutionProperties) = preSolution
		HideSolutionNode = FALSE
	EndGlobalSection
	GlobalSection(NestedProjects) = preSolution
		{C9F8D19B-F2EF-4BC0-B671-BEE6F3A92AA0} = {505A746D-08DE-41E6-AF45-FB9B4C16493A}
		{300BBA31-1474-4F91-AD42-B2D28E5979CE} = {505A746D-08DE-41E6-AF45-FB9B4C16493A}
		{D03578A7-C79A-4833-B7A5-C4277377967A} = {D8FF2A02-C0E7-48C6-9B22-1D213E934B6D}
		{5BE00552-57EE-453F-BC85-88AE42F23C51} = {D8FF2A02-C0E7-48C6-9B22-1D213E934B6D}
		{62466F7A-8931-4E43-879E-767B6BEF815B} = {AFC3F74B-6CED-47D3-BA0F-5BE1DB936B5E}
		{34E43AAC-2C62-48C1-B02E-0214473587E5} = {6D4A6E14-BE92-41BB-AAF0-B7E43430AA5A}
		{05F0E115-94ED-4C52-B61A-EE02E2916D5D} = {6D4A6E14-BE92-41BB-AAF0-B7E43430AA5A}
		{875E7BCC-951A-4E72-848B-3787D240D380} = {6D4A6E14-BE92-41BB-AAF0-B7E43430AA5A}
		{81D0D650-01D5-4DCD-923E-64B62E5874C7} = {B0476A27-B38D-4C40-9226-96D960766497}
		{703B9F43-04AC-473C-8391-0E16B5B75485} = {B0476A27-B38D-4C40-9226-96D960766497}
		{E3A140E5-A8CA-457A-A307-50BFF0CFB896} = {C867A7D7-963F-4BB2-A605-FA3130527020}
		{72441A6F-E65E-4F30-960B-7EC02ECA8A33} = {C867A7D7-963F-4BB2-A605-FA3130527020}
		{23C2BB21-3967-4A2F-B41D-4E4E8D3CEF1D} = {C867A7D7-963F-4BB2-A605-FA3130527020}
		{06FD2E88-74CF-4346-AF86-5FD9F7558F2A} = {C867A7D7-963F-4BB2-A605-FA3130527020}
		{BBE5E693-A6A3-48B3-92E6-8C11E2B7ECD5} = {C867A7D7-963F-4BB2-A605-FA3130527020}
	EndGlobalSection
	GlobalSection(ExtensibilityGlobals) = postSolution
		SolutionGuid = {44E5AD5F-0548-4FD4-A8AF-269246F8F434}
	EndGlobalSection
EndGlobal
